{
  "name": "pushin",
  "version": "1.0.0",
  "lockfileVersion": 2,
  "requires": true,
  "packages": {
    "": {
      "name": "pushin",
      "version": "1.0.0",
      "license": "ISC",
      "dependencies": {
        "pushin": "^5.2.1"
      }
    },
    "node_modules/pushin": {
      "version": "5.2.1",
      "resolved": "https://registry.npmjs.org/pushin/-/pushin-5.2.1.tgz",
      "integrity": "sha512-Mc8msgU9+wAiq5YxddhWcj9XVFJxa1waUoMJ033d4hEliYiFQcbFIbzm83P8XrDrz4EGFwDX1gFlSijJ3E7BVA==",
      "hasInstallScript": true,
      "engines": {
        "node": ">= 16.0.0"
      }
    }
  },
  "dependencies": {
    "pushin": {
      "version": "5.2.1",
      "resolved": "https://registry.npmjs.org/pushin/-/pushin-5.2.1.tgz",
      "integrity": "sha512-Mc8msgU9+wAiq5YxddhWcj9XVFJxa1waUoMJ033d4hEliYiFQcbFIbzm83P8XrDrz4EGFwDX1gFlSijJ3E7BVA=="
    }
  }
}
